
Microsoft Visual Studio Solution File, Format Version 12.00
# Visual Studio Version 16
VisualStudioVersion = 16.0.29709.97
MinimumVisualStudioVersion = 10.0.40219.1
Project("{FAE04EC0-301F-11D3-BF4B-00C04F79EFBC}") = "RedMint_UI", "RedMint_UI.csproj", "{477617E1-7C54-49E9-B0F3-8FAE8A7D7805}"
EndProject
Global
	GlobalSection(SolutionConfigurationPlatforms) = preSolution
		Debug|Any CPU = Debug|Any CPU
		Release|Any CPU = Release|Any CPU
	EndGlobalSection
	GlobalSection(ProjectConfigurationPlatforms) = postSolution
		{477617E1-7C54-49E9-B0F3-8FAE8A7D7805}.Debug|Any CPU.ActiveCfg = Debug|Any CPU
		{477617E1-7C54-49E9-B0F3-8FAE8A7D7805}.Debug|Any CPU.Build.0 = Debug|Any CPU
		{477617E1-7C54-49E9-B0F3-8FAE8A7D7805}.Release|Any CPU.ActiveCfg = Release|Any CPU
		{477617E1-7C54-49E9-B0F3-8FAE8A7D7805}.Release|Any CPU.Build.0 = Release|Any CPU
	EndGlobalSection
	GlobalSection(SolutionProperties) = preSolution
		HideSolutionNode = FALSE
	EndGlobalSection
	GlobalSection(ExtensibilityGlobals) = postSolution
		SolutionGuid = {AC9A7892-6EB0-41A7-B7C8-50EBA39AB84E}
	EndGlobalSection
EndGlobal
